Microsoft Visual Studio Solution File, Format Version 12.00
# Visual Studio 2012
Project("{FAE04EC0-301F-11D3-BF4B-00C04F79EFBC}") = "FTG_Framework", "FTG_Framework.csproj", "{AAA2D75D-AA28-4266-A9A0-9EB852276FC8}"
EndProject
Global
	GlobalSection(SolutionConfigurationPlatforms) = preSolution
	Debug|Any CPU = Debug|Any CPU
	ExportDebug|Any CPU = ExportDebug|Any CPU
	ExportRelease|Any CPU = ExportRelease|Any CPU
	EndGlobalSection
	GlobalSection(ProjectConfigurationPlatforms) = postSolution
		{AAA2D75D-AA28-4266-A9A0-9EB852276FC8}.Debug|Any CPU.ActiveCfg = Debug|Any CPU
		{AAA2D75D-AA28-4266-A9A0-9EB852276FC8}.Debug|Any CPU.Build.0 = Debug|Any CPU
		{AAA2D75D-AA28-4266-A9A0-9EB852276FC8}.ExportDebug|Any CPU.ActiveCfg = ExportDebug|Any CPU
		{AAA2D75D-AA28-4266-A9A0-9EB852276FC8}.ExportDebug|Any CPU.Build.0 = ExportDebug|Any CPU
		{AAA2D75D-AA28-4266-A9A0-9EB852276FC8}.ExportRelease|Any CPU.ActiveCfg = ExportRelease|Any CPU
		{AAA2D75D-AA28-4266-A9A0-9EB852276FC8}.ExportRelease|Any CPU.Build.0 = ExportRelease|Any CPU
	EndGlobalSection
EndGlobal
